// !$*UTF8*$!
{
	archiveVersion = 1;
	classes = {
	};
	objectVersion = 51;
	objects = {

/* Begin PBXBuildFile section */
		675DB82EB3DEDC3378299543 /* Pods_BaseMVVM.framework in Frameworks */ = {isa = PBXBuildFile; fileRef = 010093A3489B4F34C05C8F48 /* Pods_BaseMVVM.framework */; };
		83C51D9825F864EE00FAB948 /* AppDelegate.swift in Sources */ = {isa = PBXBuildFile; fileRef = 83C51D9725F864EE00FAB948 /* AppDelegate.swift */; };
		83C51D9A25F864EE00FAB948 /* SceneDelegate.swift in Sources */ = {isa = PBXBuildFile; fileRef = 83C51D9925F864EE00FAB948 /* SceneDelegate.swift */; };
		83C51D9C25F864EE00FAB948 /* ViewController.swift in Sources */ = {isa = PBXBuildFile; fileRef = 83C51D9B25F864EE00FAB948 /* ViewController.swift */; };
		83C51D9F25F864EE00FAB948 /* Main.storyboard in Resources */ = {isa = PBXBuildFile; fileRef = 83C51D9D25F864EE00FAB948 /* Main.storyboard */; };
		83C51DA125F864F000FAB948 /* Assets.xcassets in Resources */ = {isa = PBXBuildFile; fileRef = 83C51DA025F864F000FAB948 /* Assets.xcassets */; };
		83C51DA425F864F000FAB948 /* LaunchScreen.storyboard in Resources */ = {isa = PBXBuildFile; fileRef = 83C51DA225F864F000FAB948 /* LaunchScreen.storyboard */; };
		83C51DAF25F8656000FAB948 /* Then.swift in Sources */ = {isa = PBXBuildFile; fileRef = 83C51DAE25F8656000FAB948 /* Then.swift */; };
		83C51DB525F867D800FAB948 /* BaseModel.swift in Sources */ = {isa = PBXBuildFile; fileRef = 83C51DB425F867D800FAB948 /* BaseModel.swift */; };
		83C51DB925F8681200FAB948 /* BaseResponse.swift in Sources */ = {isa = PBXBuildFile; fileRef = 83C51DB825F8681200FAB948 /* BaseResponse.swift */; };
		83C51DF525F86C6000FAB948 /* CTViewController.swift in Sources */ = {isa = PBXBuildFile; fileRef = 83C51DF425F86C6000FAB948 /* CTViewController.swift */; };
		83C51DF825F86C8C00FAB948 /* BaseViewController.swift in Sources */ = {isa = PBXBuildFile; fileRef = 83C51DF725F86C8C00FAB948 /* BaseViewController.swift */; };
		83C51DFD25F86E8F00FAB948 /* ActivityIndicator.swift in Sources */ = {isa = PBXBuildFile; fileRef = 83C51DFC25F86E8F00FAB948 /* ActivityIndicator.swift */; };
		83C51E0125F86F0400FAB948 /* ErrorTracker.swift in Sources */ = {isa = PBXBuildFile; fileRef = 83C51E0025F86F0400FAB948 /* ErrorTracker.swift */; };
		83C51E0525F879A300FAB948 /* Observable+Ext.swift in Sources */ = {isa = PBXBuildFile; fileRef = 83C51E0425F879A300FAB948 /* Observable+Ext.swift */; };
		83C51E0925F87AB100FAB948 /* NVActivityIndicatorView+Rx.swift in Sources */ = {isa = PBXBuildFile; fileRef = 83C51E0825F87AB100FAB948 /* NVActivityIndicatorView+Rx.swift */; };
		83C51E0C25F87AF100FAB948 /* ErrorActivity+Rx.swift in Sources */ = {isa = PBXBuildFile; fileRef = 83C51E0B25F87AF100FAB948 /* ErrorActivity+Rx.swift */; };
		83C51E1025F87BE300FAB948 /* RefreshHandler.swift in Sources */ = {isa = PBXBuildFile; fileRef = 83C51E0F25F87BE300FAB948 /* RefreshHandler.swift */; };
		83C51E1325F87C8500FAB948 /* UIViewController+Rx.swift in Sources */ = {isa = PBXBuildFile; fileRef = 83C51E1225F87C8500FAB948 /* UIViewController+Rx.swift */; };
		83C51E1625F87D8100FAB948 /* SinkType.swift in Sources */ = {isa = PBXBuildFile; fileRef = 83C51E1525F87D8100FAB948 /* SinkType.swift */; };
		83C51E1925F87DD100FAB948 /* SourceType.swift in Sources */ = {isa = PBXBuildFile; fileRef = 83C51E1825F87DD100FAB948 /* SourceType.swift */; };
		83C51E1D25F87E0D00FAB948 /* ViewModelType.swift in Sources */ = {isa = PBXBuildFile; fileRef = 83C51E1C25F87E0D00FAB948 /* ViewModelType.swift */; };
		83C51E2025F87E5000FAB948 /* BaseViewModel.swift in Sources */ = {isa = PBXBuildFile; fileRef = 83C51E1F25F87E5000FAB948 /* BaseViewModel.swift */; };
		83C51E3625F880D200FAB948 /* BaseTargetType.swift in Sources */ = {isa = PBXBuildFile; fileRef = 83C51E3525F880D200FAB948 /* BaseTargetType.swift */; };
		83C51E3925F8811800FAB948 /* TSAPIManager.swift in Sources */ = {isa = PBXBuildFile; fileRef = 83C51E3825F8811800FAB948 /* TSAPIManager.swift */; };
		83C51E3C25F8819100FAB948 /* NetworkConnectivity.swift in Sources */ = {isa = PBXBuildFile; fileRef = 83C51E3B25F8819100FAB948 /* NetworkConnectivity.swift */; };
		83C51E4025F881C200FAB948 /* ServiceProtocol.swift in Sources */ = {isa = PBXBuildFile; fileRef = 83C51E3F25F881C200FAB948 /* ServiceProtocol.swift */; };
		83C51E4325F8825400FAB948 /* Services.swift in Sources */ = {isa = PBXBuildFile; fileRef = 83C51E4225F8825400FAB948 /* Services.swift */; };
		83C51E5E25F8946D00FAB948 /* Localizable.strings in Resources */ = {isa = PBXBuildFile; fileRef = 83C51E6025F8946D00FAB948 /* Localizable.strings */; };
		83C51E6625F894EA00FAB948 /* Strings.swift in Sources */ = {isa = PBXBuildFile; fileRef = 83C51E6525F894EA00FAB948 /* Strings.swift */; };
		83C51E9D25F89A6C00FAB948 /* ItemResponse.swift in Sources */ = {isa = PBXBuildFile; fileRef = 83C51E9C25F89A6C00FAB948 /* ItemResponse.swift */; };
		83C51EA125F89AA800FAB948 /* MVVMService.swift in Sources */ = {isa = PBXBuildFile; fileRef = 83C51EA025F89AA800FAB948 /* MVVMService.swift */; };
		83C51EA425F89D1000FAB948 /* ItemsResponse.swift in Sources */ = {isa = PBXBuildFile; fileRef = 83C51EA325F89D1000FAB948 /* ItemsResponse.swift */; };
		83C51EA825F89EF600FAB948 /* Api+Account.swift in Sources */ = {isa = PBXBuildFile; fileRef = 83C51EA725F89EF600FAB948 /* Api+Account.swift */; };
		83C51EAD25F8A1AD00FAB948 /* MVVMTargetType.swift in Sources */ = {isa = PBXBuildFile; fileRef = 83C51EAC25F8A1AD00FAB948 /* MVVMTargetType.swift */; };
		83C51EC125F8A37D00FAB948 /* Constants.swift in Sources */ = {isa = PBXBuildFile; fileRef = 83C51EC025F8A37D00FAB948 /* Constants.swift */; };
		83C51F0425F8A92D00FAB948 /* Login.storyboard in Resources */ = {isa = PBXBuildFile; fileRef = 83C51F0325F8A92C00FAB948 /* Login.storyboard */; };
		83C51F0825F8A9A300FAB948 /* Validation.swift in Sources */ = {isa = PBXBuildFile; fileRef = 83C51F0725F8A9A300FAB948 /* Validation.swift */; };
		83C51F0B25F8A9C000FAB948 /* DateFormatter.swift in Sources */ = {isa = PBXBuildFile; fileRef = 83C51F0A25F8A9C000FAB948 /* DateFormatter.swift */; };
		83C51F0E25F8A9CF00FAB948 /* NumberFormatter.swift in Sources */ = {isa = PBXBuildFile; fileRef = 83C51F0D25F8A9CF00FAB948 /* NumberFormatter.swift */; };
		83C51F1125F8A9E900FAB948 /* UserPrefsHelper.swift in Sources */ = {isa = PBXBuildFile; fileRef = 83C51F1025F8A9E900FAB948 /* UserPrefsHelper.swift */; };
		83C51F3825F8B11700FAB948 /* LoginViewModel.swift in Sources */ = {isa = PBXBuildFile; fileRef = 83C51F3725F8B11700FAB948 /* LoginViewModel.swift */; };
		83C51F3C25F8B1D900FAB948 /* Login.swift in Sources */ = {isa = PBXBuildFile; fileRef = 83C51F3B25F8B1D900FAB948 /* Login.swift */; };
		83C51F4125F8B94C00FAB948 /* LoginController.swift in Sources */ = {isa = PBXBuildFile; fileRef = 83C51F4025F8B94C00FAB948 /* LoginController.swift */; };
		83C51F4825F8BE6D00FAB948 /* R.generated.swift in Sources */ = {isa = PBXBuildFile; fileRef = 83C51F4725F8BE6D00FAB948 /* R.generated.swift */; };
		83C51F4C25F8C26A00FAB948 /* CommonAlertView.swift in Sources */ = {isa = PBXBuildFile; fileRef = 83C51F4B25F8C26A00FAB948 /* CommonAlertView.swift */; };
/* End PBXBuildFile section */

/* Begin PBXFileReference section */
		010093A3489B4F34C05C8F48 /* Pods_BaseMVVM.framework */ = {isa = PBXFileReference; explicitFileType = wrapper.framework; includeInIndex = 0; path = Pods_BaseMVVM.framework; sourceTree = BUILT_PRODUCTS_DIR; };
		6BA00433DBEC28D8881B85E5 /* Pods-BaseMVVM.debug.xcconfig */ = {isa = PBXFileReference; includeInIndex = 1; lastKnownFileType = text.xcconfig; name = "Pods-BaseMVVM.debug.xcconfig"; path = "Target Support Files/Pods-BaseMVVM/Pods-BaseMVVM.debug.xcconfig"; sourceTree = "<group>"; };
		83C51D9425F864EE00FAB948 /* BaseMVVM.app */ = {isa = PBXFileReference; explicitFileType = wrapper.application; includeInIndex = 0; path = BaseMVVM.app; sourceTree = BUILT_PRODUCTS_DIR; };
		83C51D9725F864EE00FAB948 /* AppDelegate.swift */ = {isa = PBXFileReference; lastKnownFileType = sourcecode.swift; path = AppDelegate.swift; sourceTree = "<group>"; };
		83C51D9925F864EE00FAB948 /* SceneDelegate.swift */ = {isa = PBXFileReference; lastKnownFileType = sourcecode.swift; path = SceneDelegate.swift; sourceTree = "<group>"; };
		83C51D9B25F864EE00FAB948 /* ViewController.swift */ = {isa = PBXFileReference; lastKnownFileType = sourcecode.swift; path = ViewController.swift; sourceTree = "<group>"; };
		83C51D9E25F864EE00FAB948 /* Base */ = {isa = PBXFileReference; lastKnownFileType = file.storyboard; name = Base; path = Base.lproj/Main.storyboard; sourceTree = "<group>"; };
		83C51DA025F864F000FAB948 /* Assets.xcassets */ = {isa = PBXFileReference; lastKnownFileType = folder.assetcatalog; path = Assets.xcassets; sourceTree = "<group>"; };
		83C51DA325F864F000FAB948 /* Base */ = {isa = PBXFileReference; lastKnownFileType = file.storyboard; name = Base; path = Base.lproj/LaunchScreen.storyboard; sourceTree = "<group>"; };
		83C51DA525F864F000FAB948 /* Info.plist */ = {isa = PBXFileReference; lastKnownFileType = text.plist.xml; path = Info.plist; sourceTree = "<group>"; };
		83C51DAE25F8656000FAB948 /* Then.swift */ = {isa = PBXFileReference; lastKnownFileType = sourcecode.swift; path = Then.swift; sourceTree = "<group>"; };
		83C51DB425F867D800FAB948 /* BaseModel.swift */ = {isa = PBXFileReference; lastKnownFileType = sourcecode.swift; path = BaseModel.swift; sourceTree = "<group>"; };
		83C51DB825F8681200FAB948 /* BaseResponse.swift */ = {isa = PBXFileReference; lastKnownFileType = sourcecode.swift; path = BaseResponse.swift; sourceTree = "<group>"; };
		83C51DF425F86C6000FAB948 /* CTViewController.swift */ = {isa = PBXFileReference; lastKnownFileType = sourcecode.swift; path = CTViewController.swift; sourceTree = "<group>"; };
		83C51DF725F86C8C00FAB948 /* BaseViewController.swift */ = {isa = PBXFileReference; lastKnownFileType = sourcecode.swift; path = BaseViewController.swift; sourceTree = "<group>"; };
		83C51DFC25F86E8F00FAB948 /* ActivityIndicator.swift */ = {isa = PBXFileReference; lastKnownFileType = sourcecode.swift; path = ActivityIndicator.swift; sourceTree = "<group>"; };
		83C51E0025F86F0400FAB948 /* ErrorTracker.swift */ = {isa = PBXFileReference; lastKnownFileType = sourcecode.swift; path = ErrorTracker.swift; sourceTree = "<group>"; };
		83C51E0425F879A300FAB948 /* Observable+Ext.swift */ = {isa = PBXFileReference; lastKnownFileType = sourcecode.swift; path = "Observable+Ext.swift"; sourceTree = "<group>"; };
		83C51E0825F87AB100FAB948 /* NVActivityIndicatorView+Rx.swift */ = {isa = PBXFileReference; lastKnownFileType = sourcecode.swift; path = "NVActivityIndicatorView+Rx.swift"; sourceTree = "<group>"; };
		83C51E0B25F87AF100FAB948 /* ErrorActivity+Rx.swift */ = {isa = PBXFileReference; lastKnownFileType = sourcecode.swift; path = "Error\U0010Activity+Rx.swift"; sourceTree = "<group>"; };
		83C51E0F25F87BE300FAB948 /* RefreshHandler.swift */ = {isa = PBXFileReference; lastKnownFileType = sourcecode.swift; path = RefreshHandler.swift; sourceTree = "<group>"; };
		83C51E1225F87C8500FAB948 /* UIViewController+Rx.swift */ = {isa = PBXFileReference; lastKnownFileType = sourcecode.swift; path = "UIViewController+Rx.swift"; sourceTree = "<group>"; };
		83C51E1525F87D8100FAB948 /* SinkType.swift */ = {isa = PBXFileReference; lastKnownFileType = sourcecode.swift; path = SinkType.swift; sourceTree = "<group>"; };
		83C51E1825F87DD100FAB948 /* SourceType.swift */ = {isa = PBXFileReference; lastKnownFileType = sourcecode.swift; path = SourceType.swift; sourceTree = "<group>"; };
		83C51E1C25F87E0D00FAB948 /* ViewModelType.swift */ = {isa = PBXFileReference; lastKnownFileType = sourcecode.swift; path = ViewModelType.swift; sourceTree = "<group>"; };
		83C51E1F25F87E5000FAB948 /* BaseViewModel.swift */ = {isa = PBXFileReference; lastKnownFileType = sourcecode.swift; path = BaseViewModel.swift; sourceTree = "<group>"; };
		83C51E3525F880D200FAB948 /* BaseTargetType.swift */ = {isa = PBXFileReference; lastKnownFileType = sourcecode.swift; path = BaseTargetType.swift; sourceTree = "<group>"; };
		83C51E3825F8811800FAB948 /* TSAPIManager.swift */ = {isa = PBXFileReference; lastKnownFileType = sourcecode.swift; path = TSAPIManager.swift; sourceTree = "<group>"; };
		83C51E3B25F8819100FAB948 /* NetworkConnectivity.swift */ = {isa = PBXFileReference; lastKnownFileType = sourcecode.swift; path = NetworkConnectivity.swift; sourceTree = "<group>"; };
		83C51E3F25F881C200FAB948 /* ServiceProtocol.swift */ = {isa = PBXFileReference; lastKnownFileType = sourcecode.swift; path = ServiceProtocol.swift; sourceTree = "<group>"; };
		83C51E4225F8825400FAB948 /* Services.swift */ = {isa = PBXFileReference; lastKnownFileType = sourcecode.swift; path = Services.swift; sourceTree = "<group>"; };
		83C51E5F25F8946D00FAB948 /* en */ = {isa = PBXFileReference; lastKnownFileType = text.plist.strings; name = en; path = en.lproj/Localizable.strings; sourceTree = "<group>"; };
		83C51E6225F8947D00FAB948 /* vi */ = {isa = PBXFileReference; lastKnownFileType = text.plist.strings; name = vi; path = vi.lproj/Localizable.strings; sourceTree = "<group>"; };
		83C51E6525F894EA00FAB948 /* Strings.swift */ = {isa = PBXFileReference; lastKnownFileType = sourcecode.swift; path = Strings.swift; sourceTree = "<group>"; };
		83C51E9C25F89A6C00FAB948 /* ItemResponse.swift */ = {isa = PBXFileReference; lastKnownFileType = sourcecode.swift; path = ItemResponse.swift; sourceTree = "<group>"; };
		83C51EA025F89AA800FAB948 /* MVVMService.swift */ = {isa = PBXFileReference; lastKnownFileType = sourcecode.swift; path = MVVMService.swift; sourceTree = "<group>"; };
		83C51EA325F89D1000FAB948 /* ItemsResponse.swift */ = {isa = PBXFileReference; lastKnownFileType = sourcecode.swift; path = ItemsResponse.swift; sourceTree = "<group>"; };
		83C51EA725F89EF600FAB948 /* Api+Account.swift */ = {isa = PBXFileReference; lastKnownFileType = sourcecode.swift; path = "Api+Account.swift"; sourceTree = "<group>"; };
		83C51EAC25F8A1AD00FAB948 /* MVVMTargetType.swift */ = {isa = PBXFileReference; lastKnownFileType = sourcecode.swift; path = MVVMTargetType.swift; sourceTree = "<group>"; };
		83C51EC025F8A37D00FAB948 /* Constants.swift */ = {isa = PBXFileReference; lastKnownFileType = sourcecode.swift; path = Constants.swift; sourceTree = "<group>"; };
		83C51F0325F8A92C00FAB948 /* Login.storyboard */ = {isa = PBXFileReference; lastKnownFileType = file.storyboard; path = Login.storyboard; sourceTree = "<group>"; };
		83C51F0725F8A9A300FAB948 /* Validation.swift */ = {isa = PBXFileReference; lastKnownFileType = sourcecode.swift; path = Validation.swift; sourceTree = "<group>"; };
		83C51F0A25F8A9C000FAB948 /* DateFormatter.swift */ = {isa = PBXFileReference; lastKnownFileType = sourcecode.swift; path = DateFormatter.swift; sourceTree = "<group>"; };
		83C51F0D25F8A9CF00FAB948 /* NumberFormatter.swift */ = {isa = PBXFileReference; lastKnownFileType = sourcecode.swift; path = NumberFormatter.swift; sourceTree = "<group>"; };
		83C51F1025F8A9E900FAB948 /* UserPrefsHelper.swift */ = {isa = PBXFileReference; lastKnownFileType = sourcecode.swift; path = UserPrefsHelper.swift; sourceTree = "<group>"; };
		83C51F3725F8B11700FAB948 /* LoginViewModel.swift */ = {isa = PBXFileReference; lastKnownFileType = sourcecode.swift; path = LoginViewModel.swift; sourceTree = "<group>"; };
		83C51F3B25F8B1D900FAB948 /* Login.swift */ = {isa = PBXFileReference; lastKnownFileType = sourcecode.swift; path = Login.swift; sourceTree = "<group>"; };
		83C51F4025F8B94C00FAB948 /* LoginController.swift */ = {isa = PBXFileReference; lastKnownFileType = sourcecode.swift; path = LoginController.swift; sourceTree = "<group>"; };
		83C51F4725F8BE6D00FAB948 /* R.generated.swift */ = {isa = PBXFileReference; fileEncoding = 4; lastKnownFileType = sourcecode.swift; path = R.generated.swift; sourceTree = "<group>"; };
		83C51F4B25F8C26A00FAB948 /* CommonAlertView.swift */ = {isa = PBXFileReference; lastKnownFileType = sourcecode.swift; path = CommonAlertView.swift; sourceTree = "<group>"; };
		E10C883DA048F94EC70BBFE1 /* Pods-BaseMVVM.release.xcconfig */ = {isa = PBXFileReference; includeInIndex = 1; lastKnownFileType = text.xcconfig; name = "Pods-BaseMVVM.release.xcconfig"; path = "Target Support Files/Pods-BaseMVVM/Pods-BaseMVVM.release.xcconfig"; sourceTree = "<group>"; };
/* End PBXFileReference section */

/* Begin PBXFrameworksBuildPhase section */
		83C51D9125F864EE00FAB948 /* Frameworks */ = {
			isa = PBXFrameworksBuildPhase;
			buildActionMask = 2147483647;
			files = (
				675DB82EB3DEDC3378299543 /* Pods_BaseMVVM.framework in Frameworks */,
			);
			runOnlyForDeploymentPostprocessing = 0;
		};
/* End PBXFrameworksBuildPhase section */

/* Begin PBXGroup section */
		15B23D14661869161F6DF40D /* Frameworks */ = {
			isa = PBXGroup;
			children = (
				010093A3489B4F34C05C8F48 /* Pods_BaseMVVM.framework */,
			);
			name = Frameworks;
			sourceTree = "<group>";
		};
		513E7C4DD830736C8743F692 /* Pods */ = {
			isa = PBXGroup;
			children = (
				6BA00433DBEC28D8881B85E5 /* Pods-BaseMVVM.debug.xcconfig */,
				E10C883DA048F94EC70BBFE1 /* Pods-BaseMVVM.release.xcconfig */,
			);
			path = Pods;
			sourceTree = "<group>";
		};
		83C51D8B25F864EE00FAB948 = {
			isa = PBXGroup;
			children = (
				83C51D9625F864EE00FAB948 /* BaseMVVM */,
				83C51D9525F864EE00FAB948 /* Products */,
				513E7C4DD830736C8743F692 /* Pods */,
				15B23D14661869161F6DF40D /* Frameworks */,
			);
			sourceTree = "<group>";
		};
		83C51D9525F864EE00FAB948 /* Products */ = {
			isa = PBXGroup;
			children = (
				83C51D9425F864EE00FAB948 /* BaseMVVM.app */,
			);
			name = Products;
			sourceTree = "<group>";
		};
		83C51D9625F864EE00FAB948 /* BaseMVVM */ = {
			isa = PBXGroup;
			children = (
				83C51DAD25F8654400FAB948 /* 3rdParty */,
				83C51DAC25F8650900FAB948 /* Base */,
				83C51E5725F892D900FAB948 /* MobileApp */,
				83C51D9925F864EE00FAB948 /* SceneDelegate.swift */,
				83C51D9725F864EE00FAB948 /* AppDelegate.swift */,
				83C51D9B25F864EE00FAB948 /* ViewController.swift */,
				83C51DA025F864F000FAB948 /* Assets.xcassets */,
				83C51DA225F864F000FAB948 /* LaunchScreen.storyboard */,
				83C51DA525F864F000FAB948 /* Info.plist */,
			);
			path = BaseMVVM;
			sourceTree = "<group>";
		};
		83C51DAC25F8650900FAB948 /* Base */ = {
			isa = PBXGroup;
			children = (
				83C51E1B25F87E0100FAB948 /* ViewModels */,
				83C51DFA25F86E5700FAB948 /* Services */,
				83C51DF325F86C2300FAB948 /* ViewControllers */,
				83C51DEE25F86BD500FAB948 /* Commons */,
				83C51DB325F867C900FAB948 /* Models */,
			);
			path = Base;
			sourceTree = "<group>";
		};
		83C51DAD25F8654400FAB948 /* 3rdParty */ = {
			isa = PBXGroup;
			children = (
				83C51DAE25F8656000FAB948 /* Then.swift */,
			);
			path = 3rdParty;
			sourceTree = "<group>";
		};
		83C51DB325F867C900FAB948 /* Models */ = {
			isa = PBXGroup;
			children = (
				83C51DB425F867D800FAB948 /* BaseModel.swift */,
				83C51DB825F8681200FAB948 /* BaseResponse.swift */,
				83C51E1525F87D8100FAB948 /* SinkType.swift */,
				83C51E1825F87DD100FAB948 /* SourceType.swift */,
				83C51E9C25F89A6C00FAB948 /* ItemResponse.swift */,
				83C51EA325F89D1000FAB948 /* ItemsResponse.swift */,
			);
			path = Models;
			sourceTree = "<group>";
		};
		83C51DEE25F86BD500FAB948 /* Commons */ = {
			isa = PBXGroup;
			children = (
				83C51E0325F8799400FAB948 /* Rx */,
			);
			path = Commons;
			sourceTree = "<group>";
		};
		83C51DF325F86C2300FAB948 /* ViewControllers */ = {
			isa = PBXGroup;
			children = (
				83C51DF425F86C6000FAB948 /* CTViewController.swift */,
				83C51DF725F86C8C00FAB948 /* BaseViewController.swift */,
			);
			path = ViewControllers;
			sourceTree = "<group>";
		};
		83C51DFA25F86E5700FAB948 /* Services */ = {
			isa = PBXGroup;
			children = (
				83C51E2225F87F8000FAB948 /* APIManagers */,
				83C51DFB25F86E7C00FAB948 /* Trackers */,
				83C51E3F25F881C200FAB948 /* ServiceProtocol.swift */,
				83C51E4225F8825400FAB948 /* Services.swift */,
			);
			path = Services;
			sourceTree = "<group>";
		};
		83C51DFB25F86E7C00FAB948 /* Trackers */ = {
			isa = PBXGroup;
			children = (
				83C51DFC25F86E8F00FAB948 /* ActivityIndicator.swift */,
				83C51E0025F86F0400FAB948 /* ErrorTracker.swift */,
			);
			path = Trackers;
			sourceTree = "<group>";
		};
		83C51E0325F8799400FAB948 /* Rx */ = {
			isa = PBXGroup;
			children = (
				83C51E0425F879A300FAB948 /* Observable+Ext.swift */,
				83C51E0825F87AB100FAB948 /* NVActivityIndicatorView+Rx.swift */,
				83C51E0B25F87AF100FAB948 /* ErrorActivity+Rx.swift */,
				83C51E0F25F87BE300FAB948 /* RefreshHandler.swift */,
				83C51E1225F87C8500FAB948 /* UIViewController+Rx.swift */,
			);
			path = Rx;
			sourceTree = "<group>";
		};
		83C51E1B25F87E0100FAB948 /* ViewModels */ = {
			isa = PBXGroup;
			children = (
				83C51E1C25F87E0D00FAB948 /* ViewModelType.swift */,
				83C51E1F25F87E5000FAB948 /* BaseViewModel.swift */,
			);
			path = ViewModels;
			sourceTree = "<group>";
		};
		83C51E2225F87F8000FAB948 /* APIManagers */ = {
			isa = PBXGroup;
			children = (
				83C51E3525F880D200FAB948 /* BaseTargetType.swift */,
				83C51E3825F8811800FAB948 /* TSAPIManager.swift */,
				83C51E3B25F8819100FAB948 /* NetworkConnectivity.swift */,
			);
			path = APIManagers;
			sourceTree = "<group>";
		};
		83C51E5725F892D900FAB948 /* MobileApp */ = {
			isa = PBXGroup;
			children = (
				83C51F3E25F8B8E300FAB948 /* ViewControllers */,
				83C51F3A25F8B19100FAB948 /* Models */,
				83C51F1325F8AA0800FAB948 /* ViewModels */,
				83C51F0625F8A97400FAB948 /* Utilities */,
				83C51EC425F8A53400FAB948 /* UIs */,
				83C51EBF25F8A2F100FAB948 /* Constants */,
				83C51E6925F898DB00FAB948 /* Services */,
				83C51E5925F893C900FAB948 /* Resources */,
			);
			path = MobileApp;
			sourceTree = "<group>";
		};
		83C51E5925F893C900FAB948 /* Resources */ = {
			isa = PBXGroup;
			children = (
				83C51EF725F8A60300FAB948 /* Files */,
				83C51E6425F894CF00FAB948 /* Fonts */,
				83C51E6025F8946D00FAB948 /* Localizable.strings */,
				83C51E6525F894EA00FAB948 /* Strings.swift */,
			);
			path = Resources;
			sourceTree = "<group>";
		};
		83C51E6425F894CF00FAB948 /* Fonts */ = {
			isa = PBXGroup;
			children = (
			);
			path = Fonts;
			sourceTree = "<group>";
		};
		83C51E6925F898DB00FAB948 /* Services */ = {
			isa = PBXGroup;
			children = (
				83C51EA625F89EA000FAB948 /* Api */,
				83C51EA025F89AA800FAB948 /* MVVMService.swift */,
			);
			path = Services;
			sourceTree = "<group>";
		};
		83C51EA625F89EA000FAB948 /* Api */ = {
			isa = PBXGroup;
			children = (
				83C51EA725F89EF600FAB948 /* Api+Account.swift */,
				83C51EAC25F8A1AD00FAB948 /* MVVMTargetType.swift */,
			);
			path = Api;
			sourceTree = "<group>";
		};
		83C51EBF25F8A2F100FAB948 /* Constants */ = {
			isa = PBXGroup;
			children = (
				83C51EC025F8A37D00FAB948 /* Constants.swift */,
			);
			path = Constants;
			sourceTree = "<group>";
		};
		83C51EC425F8A53400FAB948 /* UIs */ = {
			isa = PBXGroup;
			children = (
				83C51D9D25F864EE00FAB948 /* Main.storyboard */,
				83C51F0325F8A92C00FAB948 /* Login.storyboard */,
			);
			path = UIs;
			sourceTree = "<group>";
		};
		83C51EF725F8A60300FAB948 /* Files */ = {
			isa = PBXGroup;
			children = (
				83C51F4725F8BE6D00FAB948 /* R.generated.swift */,
			);
			path = Files;
			sourceTree = "<group>";
		};
		83C51F0625F8A97400FAB948 /* Utilities */ = {
			isa = PBXGroup;
			children = (
				83C51F0725F8A9A300FAB948 /* Validation.swift */,
				83C51F0A25F8A9C000FAB948 /* DateFormatter.swift */,
				83C51F0D25F8A9CF00FAB948 /* NumberFormatter.swift */,
				83C51F1025F8A9E900FAB948 /* UserPrefsHelper.swift */,
			);
			path = Utilities;
			sourceTree = "<group>";
		};
		83C51F1325F8AA0800FAB948 /* ViewModels */ = {
			isa = PBXGroup;
			children = (
				83C51F3725F8B11700FAB948 /* LoginViewModel.swift */,
			);
			path = ViewModels;
			sourceTree = "<group>";
		};
		83C51F3A25F8B19100FAB948 /* Models */ = {
			isa = PBXGroup;
			children = (
				83C51F3B25F8B1D900FAB948 /* Login.swift */,
			);
			path = Models;
			sourceTree = "<group>";
		};
		83C51F3E25F8B8E300FAB948 /* ViewControllers */ = {
			isa = PBXGroup;
			children = (
				83C51F4A25F8C19A00FAB948 /* CommonAlertView */,
				83C51F3F25F8B94100FAB948 /* Logins */,
			);
			path = ViewControllers;
			sourceTree = "<group>";
		};
		83C51F3F25F8B94100FAB948 /* Logins */ = {
			isa = PBXGroup;
			children = (
				83C51F4025F8B94C00FAB948 /* LoginController.swift */,
			);
			path = Logins;
			sourceTree = "<group>";
		};
		83C51F4A25F8C19A00FAB948 /* CommonAlertView */ = {
			isa = PBXGroup;
			children = (
				83C51F4B25F8C26A00FAB948 /* CommonAlertView.swift */,
			);
			path = CommonAlertView;
			sourceTree = "<group>";
		};
/* End PBXGroup section */

/* Begin PBXNativeTarget section */
		83C51D9325F864EE00FAB948 /* BaseMVVM */ = {
			isa = PBXNativeTarget;
			buildConfigurationList = 83C51DA825F864F000FAB948 /* Build configuration list for PBXNativeTarget "BaseMVVM" */;
			buildPhases = (
				2CD276B08E9B6765A9F7ECB4 /* [CP] Check Pods Manifest.lock */,
				83C51D9025F864EE00FAB948 /* Sources */,
				83C51D9125F864EE00FAB948 /* Frameworks */,
				83C51D9225F864EE00FAB948 /* Resources */,
				86ABF191E7740D8208C2ECFA /* [CP] Embed Pods Frameworks */,
				83C51F4325F8BCA800FAB948 /* ShellScript */,
			);
			buildRules = (
			);
			dependencies = (
			);
			name = BaseMVVM;
			productName = BaseMVVM;
			productReference = 83C51D9425F864EE00FAB948 /* BaseMVVM.app */;
			productType = "com.apple.product-type.application";
		};
/* End PBXNativeTarget section */

/* Begin PBXProject section */
		83C51D8C25F864EE00FAB948 /* Project object */ = {
			isa = PBXProject;
			attributes = {
				LastSwiftUpdateCheck = 1220;
				LastUpgradeCheck = 1220;
				TargetAttributes = {
					83C51D9325F864EE00FAB948 = {
						CreatedOnToolsVersion = 12.2;
					};
				};
			};
			buildConfigurationList = 83C51D8F25F864EE00FAB948 /* Build configuration list for PBXProject "BaseMVVM" */;
			compatibilityVersion = "Xcode 9.3";
			developmentRegion = en;
			hasScannedForEncodings = 0;
			knownRegions = (
				en,
				Base,
				vi,
			);
			mainGroup = 83C51D8B25F864EE00FAB948;
			productRefGroup = 83C51D9525F864EE00FAB948 /* Products */;
			projectDirPath = "";
			projectRoot = "";
			targets = (
				83C51D9325F864EE00FAB948 /* BaseMVVM */,
			);
		};
/* End PBXProject section */

/* Begin PBXResourcesBuildPhase section */
		83C51D9225F864EE00FAB948 /* Resources */ = {
			isa = PBXResourcesBuildPhase;
			buildActionMask = 2147483647;
			files = (
				83C51DA425F864F000FAB948 /* LaunchScreen.storyboard in Resources */,
				83C51E5E25F8946D00FAB948 /* Localizable.strings in Resources */,
				83C51DA125F864F000FAB948 /* Assets.xcassets in Resources */,
				83C51F0425F8A92D00FAB948 /* Login.storyboard in Resources */,
				83C51D9F25F864EE00FAB948 /* Main.storyboard in Resources */,
			);
			runOnlyForDeploymentPostprocessing = 0;
		};
/* End PBXResourcesBuildPhase section */

/* Begin PBXShellScriptBuildPhase section */
		2CD276B08E9B6765A9F7ECB4 /* [CP] Check Pods Manifest.lock */ = {
			isa = PBXShellScriptBuildPhase;
			buildActionMask = 2147483647;
			files = (
			);
			inputFileListPaths = (
			);
			inputPaths = (
				"${PODS_PODFILE_DIR_PATH}/Podfile.lock",
				"${PODS_ROOT}/Manifest.lock",
			);
			name = "[CP] Check Pods Manifest.lock";
			outputFileListPaths = (
			);
			outputPaths = (
				"$(DERIVED_FILE_DIR)/Pods-BaseMVVM-checkManifestLockResult.txt",
			);
			runOnlyForDeploymentPostprocessing = 0;
			shellPath = /bin/sh;
			shellScript = "diff \"${PODS_PODFILE_DIR_PATH}/Podfile.lock\" \"${PODS_ROOT}/Manifest.lock\" > /dev/null\nif [ $? != 0 ] ; then\n    # print error to STDERR\n    echo \"error: The sandbox is not in sync with the Podfile.lock. Run 'pod install' or update your CocoaPods installation.\" >&2\n    exit 1\nfi\n# This output is used by Xcode 'outputs' to avoid re-running this script phase.\necho \"SUCCESS\" > \"${SCRIPT_OUTPUT_FILE_0}\"\n";
			showEnvVarsInLog = 0;
		};
		83C51F4325F8BCA800FAB948 /* ShellScript */ = {
			isa = PBXShellScriptBuildPhase;
			buildActionMask = 2147483647;
			files = (
			);
			inputFileListPaths = (
			);
			inputPaths = (
				"$TEMP_DIR/rswift-lastrun",
			);
			outputFileListPaths = (
			);
			outputPaths = (
				$SRCROOT/BaseMVVM/MobileApp/Resources/Files/R.generated.swift,
			);
			runOnlyForDeploymentPostprocessing = 0;
			shellPath = /bin/sh;
			shellScript = "# Type a script or drag a script file from your workspace to insert its path.\n\"$PODS_ROOT/R.swift/rswift\" generate \"$SRCROOT/BaseMVVM/MobileApp/Resources/Files/R.generated.swift\"\n\n";
		};
		86ABF191E7740D8208C2ECFA /* [CP] Embed Pods Frameworks */ = {
			isa = PBXShellScriptBuildPhase;
			buildActionMask = 2147483647;
			files = (
			);
			inputFileListPaths = (
				"${PODS_ROOT}/Target Support Files/Pods-BaseMVVM/Pods-BaseMVVM-frameworks-${CONFIGURATION}-input-files.xcfilelist",
			);
			name = "[CP] Embed Pods Frameworks";
			outputFileListPaths = (
				"${PODS_ROOT}/Target Support Files/Pods-BaseMVVM/Pods-BaseMVVM-frameworks-${CONFIGURATION}-output-files.xcfilelist",
			);
			runOnlyForDeploymentPostprocessing = 0;
			shellPath = /bin/sh;
			shellScript = "\"${PODS_ROOT}/Target Support Files/Pods-BaseMVVM/Pods-BaseMVVM-frameworks.sh\"\n";
			showEnvVarsInLog = 0;
		};
/* End PBXShellScriptBuildPhase section */

/* Begin PBXSourcesBuildPhase section */
		83C51D9025F864EE00FAB948 /* Sources */ = {
			isa = PBXSourcesBuildPhase;
			buildActionMask = 2147483647;
			files = (
				83C51E1625F87D8100FAB948 /* SinkType.swift in Sources */,
				83C51E1025F87BE300FAB948 /* RefreshHandler.swift in Sources */,
				83C51E0C25F87AF100FAB948 /* ErrorActivity+Rx.swift in Sources */,
				83C51E9D25F89A6C00FAB948 /* ItemResponse.swift in Sources */,
				83C51F4C25F8C26A00FAB948 /* CommonAlertView.swift in Sources */,
				83C51EA125F89AA800FAB948 /* MVVMService.swift in Sources */,
				83C51EA825F89EF600FAB948 /* Api+Account.swift in Sources */,
				83C51DAF25F8656000FAB948 /* Then.swift in Sources */,
				83C51E0925F87AB100FAB948 /* NVActivityIndicatorView+Rx.swift in Sources */,
				83C51E4025F881C200FAB948 /* ServiceProtocol.swift in Sources */,
				83C51EC125F8A37D00FAB948 /* Constants.swift in Sources */,
				83C51D9C25F864EE00FAB948 /* ViewController.swift in Sources */,
				83C51F1125F8A9E900FAB948 /* UserPrefsHelper.swift in Sources */,
				83C51E6625F894EA00FAB948 /* Strings.swift in Sources */,
				83C51F3C25F8B1D900FAB948 /* Login.swift in Sources */,
				83C51D9825F864EE00FAB948 /* AppDelegate.swift in Sources */,
				83C51F0825F8A9A300FAB948 /* Validation.swift in Sources */,
				83C51F4125F8B94C00FAB948 /* LoginController.swift in Sources */,
				83C51E0525F879A300FAB948 /* Observable+Ext.swift in Sources */,
				83C51E1D25F87E0D00FAB948 /* ViewModelType.swift in Sources */,
				83C51E1925F87DD100FAB948 /* SourceType.swift in Sources */,
				83C51DB925F8681200FAB948 /* BaseResponse.swift in Sources */,
				83C51EA425F89D1000FAB948 /* ItemsResponse.swift in Sources */,
				83C51E0125F86F0400FAB948 /* ErrorTracker.swift in Sources */,
				83C51E4325F8825400FAB948 /* Services.swift in Sources */,
				83C51DF825F86C8C00FAB948 /* BaseViewController.swift in Sources */,
				83C51E3C25F8819100FAB948 /* NetworkConnectivity.swift in Sources */,
				83C51E1325F87C8500FAB948 /* UIViewController+Rx.swift in Sources */,
				83C51F0B25F8A9C000FAB948 /* DateFormatter.swift in Sources */,
				83C51E2025F87E5000FAB948 /* BaseViewModel.swift in Sources */,
				83C51F0E25F8A9CF00FAB948 /* NumberFormatter.swift in Sources */,
				83C51E3625F880D200FAB948 /* BaseTargetType.swift in Sources */,
				83C51F3825F8B11700FAB948 /* LoginViewModel.swift in Sources */,
				83C51F4825F8BE6D00FAB948 /* R.generated.swift in Sources */,
				83C51EAD25F8A1AD00FAB948 /* MVVMTargetType.swift in Sources */,
				83C51E3925F8811800FAB948 /* TSAPIManager.swift in Sources */,
				83C51DFD25F86E8F00FAB948 /* ActivityIndicator.swift in Sources */,
				83C51D9A25F864EE00FAB948 /* SceneDelegate.swift in Sources */,
				83C51DB525F867D800FAB948 /* BaseModel.swift in Sources */,
				83C51DF525F86C6000FAB948 /* CTViewController.swift in Sources */,
			);
			runOnlyForDeploymentPostprocessing = 0;
		};
/* End PBXSourcesBuildPhase section */

/* Begin PBXVariantGroup section */
		83C51D9D25F864EE00FAB948 /* Main.storyboard */ = {
			isa = PBXVariantGroup;
			children = (
				83C51D9E25F864EE00FAB948 /* Base */,
			);
			name = Main.storyboard;
			sourceTree = "<group>";
		};
		83C51DA225F864F000FAB948 /* LaunchScreen.storyboard */ = {
			isa = PBXVariantGroup;
			children = (
				83C51DA325F864F000FAB948 /* Base */,
			);
			name = LaunchScreen.storyboard;
			sourceTree = "<group>";
		};
		83C51E6025F8946D00FAB948 /* Localizable.strings */ = {
			isa = PBXVariantGroup;
			children = (
				83C51E5F25F8946D00FAB948 /* en */,
				83C51E6225F8947D00FAB948 /* vi */,
			);
			name = Localizable.strings;
			sourceTree = "<group>";
		};
/* End PBXVariantGroup section */

/* Begin XCBuildConfiguration section */
		83C51DA625F864F000FAB948 /* Debug */ = {
			isa = XCBuildConfiguration;
			buildSettings = {
				ALWAYS_SEARCH_USER_PATHS = NO;
				CLANG_ANALYZER_LOCALIZABILITY_NONLOCALIZED = YES;
				CLANG_ANALYZER_NONNULL = YES;
				CLANG_ANALYZER_NUMBER_OBJECT_CONVERSION = YES_AGGRESSIVE;
				CLANG_CXX_LANGUAGE_STANDARD = "gnu++14";
				CLANG_CXX_LIBRARY = "libc++";
				CLANG_ENABLE_MODULES = YES;
				CLANG_ENABLE_OBJC_ARC = YES;
				CLANG_ENABLE_OBJC_WEAK = YES;
				CLANG_WARN_BLOCK_CAPTURE_AUTORELEASING = YES;
				CLANG_WARN_BOOL_CONVERSION = YES;
				CLANG_WARN_COMMA = YES;
				CLANG_WARN_CONSTANT_CONVERSION = YES;
				CLANG_WARN_DEPRECATED_OBJC_IMPLEMENTATIONS = YES;
				CLANG_WARN_DIRECT_OBJC_ISA_USAGE = YES_ERROR;
				CLANG_WARN_DOCUMENTATION_COMMENTS = YES;
				CLANG_WARN_EMPTY_BODY = YES;
				CLANG_WARN_ENUM_CONVERSION = YES;
				CLANG_WARN_INFINITE_RECURSION = YES;
				CLANG_WARN_INT_CONVERSION = YES;
				CLANG_WARN_NON_LITERAL_NULL_CONVERSION = YES;
				CLANG_WARN_OBJC_IMPLICIT_RETAIN_SELF = YES;
				CLANG_WARN_OBJC_LITERAL_CONVERSION = YES;
				CLANG_WARN_OBJC_ROOT_CLASS = YES_ERROR;
				CLANG_WARN_QUOTED_INCLUDE_IN_FRAMEWORK_HEADER = YES;
				CLANG_WARN_RANGE_LOOP_ANALYSIS = YES;
				CLANG_WARN_STRICT_PROTOTYPES = YES;
				CLANG_WARN_SUSPICIOUS_MOVE = YES;
				CLANG_WARN_UNGUARDED_AVAILABILITY = YES_AGGRESSIVE;
				CLANG_WARN_UNREACHABLE_CODE = YES;
				CLANG_WARN__DUPLICATE_METHOD_MATCH = YES;
				COPY_PHASE_STRIP = NO;
				DEBUG_INFORMATION_FORMAT = dwarf;
				ENABLE_STRICT_OBJC_MSGSEND = YES;
				ENABLE_TESTABILITY = YES;
				GCC_C_LANGUAGE_STANDARD = gnu11;
				GCC_DYNAMIC_NO_PIC = NO;
				GCC_NO_COMMON_BLOCKS = YES;
				GCC_OPTIMIZATION_LEVEL = 0;
				GCC_PREPROCESSOR_DEFINITIONS = (
					"DEBUG=1",
					"$(inherited)",
				);
				GCC_WARN_64_TO_32_BIT_CONVERSION = YES;
				GCC_WARN_ABOUT_RETURN_TYPE = YES_ERROR;
				GCC_WARN_UNDECLARED_SELECTOR = YES;
				GCC_WARN_UNINITIALIZED_AUTOS = YES_AGGRESSIVE;
				GCC_WARN_UNUSED_FUNCTION = YES;
				GCC_WARN_UNUSED_VARIABLE = YES;
				IPHONEOS_DEPLOYMENT_TARGET = 14.2;
				MTL_ENABLE_DEBUG_INFO = INCLUDE_SOURCE;
				MTL_FAST_MATH = YES;
				ONLY_ACTIVE_ARCH = YES;
				SDKROOT = iphoneos;
				SWIFT_ACTIVE_COMPILATION_CONDITIONS = DEBUG;
				SWIFT_OPTIMIZATION_LEVEL = "-Onone";
			};
			name = Debug;
		};
		83C51DA725F864F000FAB948 /* Release */ = {
			isa = XCBuildConfiguration;
			buildSettings = {
				ALWAYS_SEARCH_USER_PATHS = NO;
				CLANG_ANALYZER_LOCALIZABILITY_NONLOCALIZED = YES;
				CLANG_ANALYZER_NONNULL = YES;
				CLANG_ANALYZER_NUMBER_OBJECT_CONVERSION = YES_AGGRESSIVE;
				CLANG_CXX_LANGUAGE_STANDARD = "gnu++14";
				CLANG_CXX_LIBRARY = "libc++";
				CLANG_ENABLE_MODULES = YES;
				CLANG_ENABLE_OBJC_ARC = YES;
				CLANG_ENABLE_OBJC_WEAK = YES;
				CLANG_WARN_BLOCK_CAPTURE_AUTORELEASING = YES;
				CLANG_WARN_BOOL_CONVERSION = YES;
				CLANG_WARN_COMMA = YES;
				CLANG_WARN_CONSTANT_CONVERSION = YES;
				CLANG_WARN_DEPRECATED_OBJC_IMPLEMENTATIONS = YES;
				CLANG_WARN_DIRECT_OBJC_ISA_USAGE = YES_ERROR;
				CLANG_WARN_DOCUMENTATION_COMMENTS = YES;
				CLANG_WARN_EMPTY_BODY = YES;
				CLANG_WARN_ENUM_CONVERSION = YES;
				CLANG_WARN_INFINITE_RECURSION = YES;
				CLANG_WARN_INT_CONVERSION = YES;
				CLANG_WARN_NON_LITERAL_NULL_CONVERSION = YES;
				CLANG_WARN_OBJC_IMPLICIT_RETAIN_SELF = YES;
				CLANG_WARN_OBJC_LITERAL_CONVERSION = YES;
				CLANG_WARN_OBJC_ROOT_CLASS = YES_ERROR;
				CLANG_WARN_QUOTED_INCLUDE_IN_FRAMEWORK_HEADER = YES;
				CLANG_WARN_RANGE_LOOP_ANALYSIS = YES;
				CLANG_WARN_STRICT_PROTOTYPES = YES;
				CLANG_WARN_SUSPICIOUS_MOVE = YES;
				CLANG_WARN_UNGUARDED_AVAILABILITY = YES_AGGRESSIVE;
				CLANG_WARN_UNREACHABLE_CODE = YES;
				CLANG_WARN__DUPLICATE_METHOD_MATCH = YES;
				COPY_PHASE_STRIP = NO;
				DEBUG_INFORMATION_FORMAT = "dwarf-with-dsym";
				ENABLE_NS_ASSERTIONS = NO;
				ENABLE_STRICT_OBJC_MSGSEND = YES;
				GCC_C_LANGUAGE_STANDARD = gnu11;
				GCC_NO_COMMON_BLOCKS = YES;
				GCC_WARN_64_TO_32_BIT_CONVERSION = YES;
				GCC_WARN_ABOUT_RETURN_TYPE = YES_ERROR;
				GCC_WARN_UNDECLARED_SELECTOR = YES;
				GCC_WARN_UNINITIALIZED_AUTOS = YES_AGGRESSIVE;
				GCC_WARN_UNUSED_FUNCTION = YES;
				GCC_WARN_UNUSED_VARIABLE = YES;
				IPHONEOS_DEPLOYMENT_TARGET = 14.2;
				MTL_ENABLE_DEBUG_INFO = NO;
				MTL_FAST_MATH = YES;
				SDKROOT = iphoneos;
				SWIFT_COMPILATION_MODE = wholemodule;
				SWIFT_OPTIMIZATION_LEVEL = "-O";
				VALIDATE_PRODUCT = YES;
			};
			name = Release;
		};
		83C51DA925F864F000FAB948 /* Debug */ = {
			isa = XCBuildConfiguration;
			baseConfigurationReference = 6BA00433DBEC28D8881B85E5 /* Pods-BaseMVVM.debug.xcconfig */;
			buildSettings = {
				ASSETCATALOG_COMPILER_APPICON_NAME = AppIcon;
				ASSETCATALOG_COMPILER_GLOBAL_ACCENT_COLOR_NAME = AccentColor;
				CODE_SIGN_STYLE = Automatic;
				DEVELOPMENT_TEAM = 46W25C8KDG;
				INFOPLIST_FILE = BaseMVVM/Info.plist;
				LD_RUNPATH_SEARCH_PATHS = (
					"$(inherited)",
					"@executable_path/Frameworks",
				);
				PRODUCT_BUNDLE_IDENTIFIER = "com.ominext.GP-Patient";
				PRODUCT_NAME = "$(TARGET_NAME)";
				SWIFT_VERSION = 5.0;
				TARGETED_DEVICE_FAMILY = "1,2";
			};
			name = Debug;
		};
		83C51DAA25F864F000FAB948 /* Release */ = {
			isa = XCBuildConfiguration;
			baseConfigurationReference = E10C883DA048F94EC70BBFE1 /* Pods-BaseMVVM.release.xcconfig */;
			buildSettings = {
				ASSETCATALOG_COMPILER_APPICON_NAME = AppIcon;
				ASSETCATALOG_COMPILER_GLOBAL_ACCENT_COLOR_NAME = AccentColor;
				CODE_SIGN_STYLE = Automatic;
				DEVELOPMENT_TEAM = 46W25C8KDG;
				INFOPLIST_FILE = BaseMVVM/Info.plist;
				LD_RUNPATH_SEARCH_PATHS = (
					"$(inherited)",
					"@executable_path/Frameworks",
				);
				PRODUCT_BUNDLE_IDENTIFIER = "com.ominext.GP-Patient";
				PRODUCT_NAME = "$(TARGET_NAME)";
				SWIFT_VERSION = 5.0;
				TARGETED_DEVICE_FAMILY = "1,2";
			};
			name = Release;
		};
/* End XCBuildConfiguration section */

/* Begin XCConfigurationList section */
		83C51D8F25F864EE00FAB948 /* Build configuration list for PBXProject "BaseMVVM" */ = {
			isa = XCConfigurationList;
			buildConfigurations = (
				83C51DA625F864F000FAB948 /* Debug */,
				83C51DA725F864F000FAB948 /* Release */,
			);
			defaultConfigurationIsVisible = 0;
			defaultConfigurationName = Release;
		};
		83C51DA825F864F000FAB948 /* Build configuration list for PBXNativeTarget "BaseMVVM" */ = {
			isa = XCConfigurationList;
			buildConfigurations = (
				83C51DA925F864F000FAB948 /* Debug */,
				83C51DAA25F864F000FAB948 /* Release */,
			);
			defaultConfigurationIsVisible = 0;
			defaultConfigurationName = Release;
		};
/* End XCConfigurationList section */
	};
	rootObject = 83C51D8C25F864EE00FAB948 /* Project object */;
}
